{
    "_readme": [
        "This file locks the dependencies of your project to a known state",
        "Read more about it at http://getcomposer.org/doc/01-basic-usage.md#composer-lock-the-lock-file"
    ],
    "hash": "881b38ecc1f3de5662e619e6247d7126",
    "packages": [
        {
            "name": "camspiers/json-pretty",
            "version": "0.1.0",
            "source": {
                "type": "git",
                "url": "https://github.com/camspiers/json-pretty.git",
                "reference": "5768744b4d49caee418ed05bd2fb8bdab3c33164"
            },
            "dist": {
                "type": "zip",
                "url": "https://api.github.com/repos/camspiers/json-pretty/zipball/5768744b4d49caee418ed05bd2fb8bdab3c33164",
                "reference": "5768744b4d49caee418ed05bd2fb8bdab3c33164",
                "shasum": ""
            },
            "require": {
                "pimple/pimple": "1.0.1"
            },
            "require-dev": {
                "phpunit/phpunit": "3.7.*"
            },
            "type": "library",
            "autoload": {
                "psr-0": {
                    "Camspiers": "src/"
                }
            },
            "notification-url": "https://packagist.org/downloads/",
            "license": [
                "MIT"
            ],
            "authors": [
                {
                    "name": "Cam Spiers",
                    "email": "cameron@heyday.co.nz",
                    "role": "Developer"
                }
            ],
            "description": "Provides support for json pretty printing in php 5.3",
            "time": "2013-01-28 01:00:57"
        },
        {
            "name": "mauris/ini-writer",
            "version": "1.0.0",
            "source": {
                "type": "git",
                "url": "https://github.com/mauris/ini-writer.git",
                "reference": "bc9762c44199930858087bedfe8ccffaef3be962"
            },
            "dist": {
                "type": "zip",
                "url": "https://api.github.com/repos/mauris/ini-writer/zipball/bc9762c44199930858087bedfe8ccffaef3be962",
                "reference": "bc9762c44199930858087bedfe8ccffaef3be962",
                "shasum": ""
            },
            "require": {
                "php": ">=5.3.0"
            },
            "type": "library",
            "autoload": {
                "psr-0": {
                    "Mauris\\Ini\\": "src/"
                }
            },
            "notification-url": "https://packagist.org/downloads/",
            "license": [
                "BSD-3-Clause"
            ],
            "authors": [
                {
                    "name": "Sam-Mauris Yong",
                    "email": "sam@mauris.sg"
                }
            ],
            "description": "A lightweight php library to write and dump configuration to INI format",
            "time": "2013-08-11 23:59:01"
        },
        {
            "name": "mauris/yaml",
            "version": "1.0.0",
            "source": {
                "type": "git",
                "url": "https://github.com/mauris/Yaml.git",
                "reference": "f4e5637d6264fc996f01f97d661bb19789645df2"
            },
            "dist": {
                "type": "zip",
                "url": "https://api.github.com/repos/mauris/Yaml/zipball/f4e5637d6264fc996f01f97d661bb19789645df2",
                "reference": "f4e5637d6264fc996f01f97d661bb19789645df2",
                "shasum": ""
            },
            "require": {
                "php": ">=5.3.3"
            },
            "type": "library",
            "autoload": {
                "psr-0": {
                    "Symfony\\Component\\Yaml\\": "src"
                }
            },
            "notification-url": "https://packagist.org/downloads/",
            "license": [
                "MIT"
            ],
            "authors": [
                {
                    "name": "Fabien Potencier",
                    "email": "fabien@symfony.com"
                },
                {
                    "name": "Symfony Community",
                    "homepage": "http://symfony.com/contributors"
                },
                {
                    "name": "Sam-Mauris Yong",
                    "email": "sam@mauris.sg"
                }
            ],
            "description": "Mauris Build of the Symfony Yaml Component",
            "homepage": "http://symfony.com",
            "keywords": [
                "parser",
                "yaml"
            ],
            "time": "2013-05-02 11:55:31"
        },
        {
            "name": "packfire/config",
            "version": "1.0.2",
            "source": {
                "type": "git",
                "url": "https://github.com/packfire/config.git",
                "reference": "53e353fec8c5c0a47fa1f6f02cac5e4a78c285cc"
            },
            "dist": {
                "type": "zip",
                "url": "https://api.github.com/repos/packfire/config/zipball/53e353fec8c5c0a47fa1f6f02cac5e4a78c285cc",
                "reference": "53e353fec8c5c0a47fa1f6f02cac5e4a78c285cc",
                "shasum": ""
            },
            "require": {
                "camspiers/json-pretty": "0.1.*",
                "mauris/ini-writer": "1.0.*",
                "mauris/yaml": "1.0.*",
                "php": ">=5.3.0"
            },
            "require-dev": {
                "mikey179/vfsstream": "1.2.*"
            },
            "type": "library",
            "autoload": {
                "psr-0": {
                    "Packfire\\Config\\": "src/"
                }
            },
            "notification-url": "https://packagist.org/downloads/",
            "license": [
                "BSD-3-Clause"
            ],
            "authors": [
                {
                    "name": "Sam-Mauris Yong",
                    "email": "sam@mauris.sg"
                }
            ],
            "description": "A config driver that is easy to use",
            "time": "2013-08-25 15:36:00"
        },
        {
            "name": "packfire/fuelblade",
            "version": "1.1.1",
            "source": {
                "type": "git",
                "url": "https://github.com/packfire/fuelblade.git",
                "reference": "bd118205061042e91ba50f36b5a2900e7e0d4587"
            },
            "dist": {
                "type": "zip",
                "url": "https://api.github.com/repos/packfire/fuelblade/zipball/bd118205061042e91ba50f36b5a2900e7e0d4587",
                "reference": "bd118205061042e91ba50f36b5a2900e7e0d4587",
                "shasum": ""
            },
            "require": {
                "php": ">=5.3.0"
            },
            "type": "library",
            "autoload": {
                "psr-0": {
                    "Packfire\\FuelBlade\\": "src/"
                }
            },
            "notification-url": "https://packagist.org/downloads/",
            "license": [
                "BSD-3-Clause"
            ],
            "authors": [
                {
                    "name": "Sam-Mauris Yong",
                    "email": "mauris@hotmail.sg",
                    "homepage": "http://mauris.sg/",
                    "role": "Developer"
                }
            ],
            "description": "Packfire FuelBlade - Dependency Injection / IoC library for PHP",
            "homepage": "http://mauris.sg/packfire/",
            "keywords": [
                "dependency",
                "di",
                "ioc"
            ],
            "time": "2013-06-13 07:49:52"
        },
        {
            "name": "packfire/logger",
            "version": "1.0.0",
            "source": {
                "type": "git",
                "url": "https://github.com/packfire/logger.git",
                "reference": "6d4b00d9fc8cb14a4338b7bd01b97150e5803f69"
            },
            "dist": {
                "type": "zip",
                "url": "https://api.github.com/repos/packfire/logger/zipball/6d4b00d9fc8cb14a4338b7bd01b97150e5803f69",
                "reference": "6d4b00d9fc8cb14a4338b7bd01b97150e5803f69",
                "shasum": ""
            },
            "require": {
                "php": ">=5.3.0",
                "psr/log": "1.0.*"
            },
            "type": "library",
            "autoload": {
                "psr-0": {
                    "Packfire\\Logger\\": "src"
                }
            },
            "notification-url": "https://packagist.org/downloads/",
            "authors": [
                {
                    "name": "Sam-Mauris Yong",
                    "email": "sam@mauris.sg"
                }
            ],
            "description": " A standard logger that implements Psr/Log ",
            "time": "2013-05-28 22:33:49"
        },
        {
            "name": "packfire/mustache",
            "version": "1.1.0",
            "source": {
                "type": "git",
                "url": "https://github.com/packfire/mustache.git",
                "reference": "3223123a608ea545a9a1c379a564887ad0233350"
            },
            "dist": {
                "type": "zip",
                "url": "https://api.github.com/repos/packfire/mustache/zipball/3223123a608ea545a9a1c379a564887ad0233350",
                "reference": "3223123a608ea545a9a1c379a564887ad0233350",
                "shasum": ""
            },
            "require": {
                "php": ">=5.3.0"
            },
            "type": "library",
            "autoload": {
                "psr-0": {
                    "Packfire\\Template\\Mustache\\": "src"
                }
            },
            "notification-url": "https://packagist.org/downloads/",
            "authors": [
                {
                    "name": "Sam-Mauris Yong",
                    "email": "sam@mauris.sg"
                }
            ],
            "description": "PHP Mustache Implementation",
            "time": "2013-10-12 20:52:53"
        },
        {
            "name": "packfire/options",
            "version": "1.1.2",
            "source": {
                "type": "git",
                "url": "https://github.com/packfire/options.git",
                "reference": "d2f9cd4a50773f7295a795bc7a5748f6a9e005e7"
            },
            "dist": {
                "type": "zip",
                "url": "https://api.github.com/repos/packfire/options/zipball/d2f9cd4a50773f7295a795bc7a5748f6a9e005e7",
                "reference": "d2f9cd4a50773f7295a795bc7a5748f6a9e005e7",
                "shasum": ""
            },
            "require": {
                "php": ">=5.3.0"
            },
            "type": "library",
            "autoload": {
                "psr-0": {
                    "Packfire\\Options": "src/"
                }
            },
            "notification-url": "https://packagist.org/downloads/",
            "license": [
                "BSD-3-Clause"
            ],
            "authors": [
                {
                    "name": "Sam-Mauris Yong",
                    "email": "mauris@hotmail.sg",
                    "homepage": "http://mauris.sg/",
                    "role": "Developer"
                }
            ],
            "description": "Better CLI argument processing in PHP",
            "homepage": "http://mauris.sg/packfire/",
            "keywords": [
                "argument",
                "callback",
                "cli",
                "closure",
                "processing"
            ],
            "time": "2012-12-24 12:35:55"
        },
        {
            "name": "packfire/php5.3-compat",
            "version": "1.0.0",
            "source": {
                "type": "git",
                "url": "https://github.com/packfire/php5.3-compatibility.git",
                "reference": "b6f257d07b6e0891433857262435622fd4ebd56d"
            },
            "dist": {
                "type": "zip",
                "url": "https://api.github.com/repos/packfire/php5.3-compatibility/zipball/b6f257d07b6e0891433857262435622fd4ebd56d",
                "reference": "b6f257d07b6e0891433857262435622fd4ebd56d",
                "shasum": ""
            },
            "require": {
                "php": ">=5.3.0"
            },
            "type": "library",
            "autoload": {
                "psr-0": {
                    "": "src/"
                }
            },
            "notification-url": "https://packagist.org/downloads/",
            "license": [
                "BSD-3-Clause"
            ],
            "authors": [
                {
                    "name": "Sam-Mauris Yong",
                    "email": "mauris@hotmail.sg",
                    "homepage": "http://mauris.sg/",
                    "role": "Developer"
                }
            ],
            "description": "Provides class and interface compatibility between PHP 5.3 and PHP 5.4 through autoloading.",
            "homepage": "http://mauris.sg/packfire/",
            "keywords": [
                "OOP",
                "compatibility",
                "library"
            ],
            "time": "2012-10-28 05:29:18"
        },
        {
            "name": "packfire/regex",
            "version": "1.0.0",
            "source": {
                "type": "git",
                "url": "https://github.com/packfire/regex.git",
                "reference": "f60ef18739896eaf6761e9040bbd23e34d34366d"
            },
            "dist": {
                "type": "zip",
                "url": "https://api.github.com/repos/packfire/regex/zipball/f60ef18739896eaf6761e9040bbd23e34d34366d",
                "reference": "f60ef18739896eaf6761e9040bbd23e34d34366d",
                "shasum": ""
            },
            "require": {
                "php": ">=5.3.0"
            },
            "type": "library",
            "autoload": {
                "psr-0": {
                    "Packfire\\Text\\Regex\\": "src"
                }
            },
            "notification-url": "https://packagist.org/downloads/",
            "authors": [
                {
                    "name": "Sam-Mauris Yong",
                    "email": "sam@mauris.sg"
                }
            ],
            "description": "Packfire Framework Regular Expression Component",
            "time": "2013-05-23 14:14:44"
        },
        {
            "name": "packfire/session",
            "version": "1.0.1",
            "source": {
                "type": "git",
                "url": "https://github.com/packfire/session.git",
                "reference": "33262769643e632c77444f1762484ab9b73b8f7c"
            },
            "dist": {
                "type": "zip",
                "url": "https://api.github.com/repos/packfire/session/zipball/33262769643e632c77444f1762484ab9b73b8f7c",
                "reference": "33262769643e632c77444f1762484ab9b73b8f7c",
                "shasum": ""
            },
            "require": {
                "packfire/fuelblade": "1.1.*",
                "php": ">=5.3.0"
            },
            "type": "library",
            "autoload": {
                "psr-0": {
                    "Packfire\\Session\\": "src/"
                }
            },
            "notification-url": "https://packagist.org/downloads/",
            "license": [
                "BSD-3-Clause"
            ],
            "authors": [
                {
                    "name": "Sam-Mauris Yong",
                    "email": "mauris@hotmail.sg",
                    "homepage": "http://mauris.sg/",
                    "role": "Developer"
                }
            ],
            "description": "PHP session made easy with Packfire Session library.",
            "homepage": "http://mauris.sg/packfire",
            "time": "2013-09-27 12:37:41"
        },
        {
            "name": "pimple/pimple",
            "version": "v1.0.1",
            "source": {
                "type": "git",
                "url": "https://github.com/fabpot/Pimple.git",
                "reference": "86df0604a10c5faf20b466ae6a0b762cc6ed0a35"
            },
            "dist": {
                "type": "zip",
                "url": "https://api.github.com/repos/fabpot/Pimple/zipball/86df0604a10c5faf20b466ae6a0b762cc6ed0a35",
                "reference": "86df0604a10c5faf20b466ae6a0b762cc6ed0a35",
                "shasum": ""
            },
            "require": {
                "php": ">=5.3.0"
            },
            "type": "library",
            "extra": {
                "branch-alias": {
                    "dev-master": "1.0.x-dev"
                }
            },
            "autoload": {
                "psr-0": {
                    "Pimple": "lib/"
                }
            },
            "notification-url": "https://packagist.org/downloads/",
            "license": [
                "MIT"
            ],
            "authors": [
                {
                    "name": "Fabien Potencier",
                    "email": "fabien@symfony.com"
                }
            ],
            "description": "Pimple is a simple Dependency Injection Container for PHP 5.3",
            "homepage": "http://pimple.sensiolabs.org",
            "keywords": [
                "container",
                "dependency injection"
            ],
            "time": "2012-11-11 08:32:34"
        },
        {
            "name": "psr/log",
            "version": "1.0.0",
            "source": {
                "type": "git",
                "url": "https://github.com/php-fig/log.git",
                "reference": "fe0936ee26643249e916849d48e3a51d5f5e278b"
            },
            "dist": {
                "type": "zip",
                "url": "https://api.github.com/repos/php-fig/log/zipball/fe0936ee26643249e916849d48e3a51d5f5e278b",
                "reference": "fe0936ee26643249e916849d48e3a51d5f5e278b",
                "shasum": ""
            },
            "type": "library",
            "autoload": {
                "psr-0": {
                    "Psr\\Log\\": ""
                }
            },
            "notification-url": "https://packagist.org/downloads/",
            "license": [
                "MIT"
            ],
            "authors": [
                {
                    "name": "PHP-FIG",
                    "homepage": "http://www.php-fig.org/"
                }
            ],
            "description": "Common interface for logging libraries",
            "keywords": [
                "log",
                "psr",
                "psr-3"
            ],
            "time": "2012-12-21 11:40:51"
        }
    ],
    "packages-dev": [

    ],
    "aliases": [

    ],
    "minimum-stability": "stable",
    "stability-flags": [

    ],
    "platform": {
        "php": ">=5.3.0",
        "ext-pdo": "*"
    },
    "platform-dev": [

    ]
}
